
Microsoft Visual Studio Solution File, Format Version 12.00
# Visual Studio 14
VisualStudioVersion = 14.0.25123.0
MinimumVisualStudioVersion = 10.0.40219.1
Project("{D7C3A512-F72A-4CB7-BCD0-2BE12C81DBB8}") = "Sitecore.Support.169224", "Sitecore.Support.169224\Sitecore.Support.169224.csproj", "{6097CA94-C093-4165-AF9B-FBE712FFE7DF}"
EndProject
Global
	GlobalSection(SolutionConfigurationPlatforms) = preSolution
		Debug|Any CPU = Debug|Any CPU
		Release|Any CPU = Release|Any CPU
	EndGlobalSection
	GlobalSection(ProjectConfigurationPlatforms) = postSolution
		{6097CA94-C093-4165-AF9B-FBE712FFE7DF}.Debug|Any CPU.ActiveCfg = Debug|Any CPU
		{6097CA94-C093-4165-AF9B-FBE712FFE7DF}.Debug|Any CPU.Build.0 = Debug|Any CPU
		{6097CA94-C093-4165-AF9B-FBE712FFE7DF}.Release|Any CPU.ActiveCfg = Release|Any CPU
		{6097CA94-C093-4165-AF9B-FBE712FFE7DF}.Release|Any CPU.Build.0 = Release|Any CPU
	EndGlobalSection
	GlobalSection(SolutionProperties) = preSolution
		HideSolutionNode = FALSE
	EndGlobalSection
EndGlobal
